// !$*UTF8*$!
{
	archiveVersion = 1;
	classes = {
	};
	objectVersion = 50;
	objects = {

/* Begin PBXBuildFile section */
		2F19427B23D1D24900809B5F /* AppDelegate.swift in Sources */ = {isa = PBXBuildFile; fileRef = 2F19427A23D1D24900809B5F /* AppDelegate.swift */; };
		2F19427D23D1D24900809B5F /* SceneDelegate.swift in Sources */ = {isa = PBXBuildFile; fileRef = 2F19427C23D1D24900809B5F /* SceneDelegate.swift */; };
		2F19427F23D1D24900809B5F /* ViewController.swift in Sources */ = {isa = PBXBuildFile; fileRef = 2F19427E23D1D24900809B5F /* ViewController.swift */; };
		2F19428223D1D24900809B5F /* Main.storyboard in Resources */ = {isa = PBXBuildFile; fileRef = 2F19428023D1D24900809B5F /* Main.storyboard */; };
		2F19428423D1D24B00809B5F /* Assets.xcassets in Resources */ = {isa = PBXBuildFile; fileRef = 2F19428323D1D24B00809B5F /* Assets.xcassets */; };
		2F19428723D1D24B00809B5F /* LaunchScreen.storyboard in Resources */ = {isa = PBXBuildFile; fileRef = 2F19428523D1D24B00809B5F /* LaunchScreen.storyboard */; };
		2F19429223D1D24B00809B5F /* SpelappenTests.swift in Sources */ = {isa = PBXBuildFile; fileRef = 2F19429123D1D24B00809B5F /* SpelappenTests.swift */; };
		2F19429D23D1D24B00809B5F /* SpelappenUITests.swift in Sources */ = {isa = PBXBuildFile; fileRef = 2F19429C23D1D24B00809B5F /* SpelappenUITests.swift */; };
/* End PBXBuildFile section */

/* Begin PBXContainerItemProxy section */
		2F19428E23D1D24B00809B5F /* PBXContainerItemProxy */ = {
			isa = PBXContainerItemProxy;
			containerPortal = 2F19426F23D1D24900809B5F /* Project object */;
			proxyType = 1;
			remoteGlobalIDString = 2F19427623D1D24900809B5F;
			remoteInfo = Spelappen;
		};
		2F19429923D1D24B00809B5F /* PBXContainerItemProxy */ = {
			isa = PBXContainerItemProxy;
			containerPortal = 2F19426F23D1D24900809B5F /* Project object */;
			proxyType = 1;
			remoteGlobalIDString = 2F19427623D1D24900809B5F;
			remoteInfo = Spelappen;
		};
/* End PBXContainerItemProxy section */

/* Begin PBXFileReference section */
		2F19427723D1D24900809B5F /* Spelappen.app */ = {isa = PBXFileReference; explicitFileType = wrapper.application; includeInIndex = 0; path = Spelappen.app; sourceTree = BUILT_PRODUCTS_DIR; };
		2F19427A23D1D24900809B5F /* AppDelegate.swift */ = {isa = PBXFileReference; lastKnownFileType = sourcecode.swift; path = AppDelegate.swift; sourceTree = "<group>"; };
		2F19427C23D1D24900809B5F /* SceneDelegate.swift */ = {isa = PBXFileReference; lastKnownFileType = sourcecode.swift; path = SceneDelegate.swift; sourceTree = "<group>"; };
		2F19427E23D1D24900809B5F /* ViewController.swift */ = {isa = PBXFileReference; lastKnownFileType = sourcecode.swift; path = ViewController.swift; sourceTree = "<group>"; };
		2F19428123D1D24900809B5F /* Base */ = {isa = PBXFileReference; lastKnownFileType = file.storyboard; name = Base; path = Base.lproj/Main.storyboard; sourceTree = "<group>"; };
		2F19428323D1D24B00809B5F /* Assets.xcassets */ = {isa = PBXFileReference; lastKnownFileType = folder.assetcatalog; path = Assets.xcassets; sourceTree = "<group>"; };
		2F19428623D1D24B00809B5F /* Base */ = {isa = PBXFileReference; lastKnownFileType = file.storyboard; name = Base; path = Base.lproj/LaunchScreen.storyboard; sourceTree = "<group>"; };
		2F19428823D1D24B00809B5F /* Info.plist */ = {isa = PBXFileReference; lastKnownFileType = text.plist.xml; path = Info.plist; sourceTree = "<group>"; };
		2F19428D23D1D24B00809B5F /* SpelappenTests.xctest */ = {isa = PBXFileReference; explicitFileType = wrapper.cfbundle; includeInIndex = 0; path = SpelappenTests.xctest; sourceTree = BUILT_PRODUCTS_DIR; };
		2F19429123D1D24B00809B5F /* SpelappenTests.swift */ = {isa = PBXFileReference; lastKnownFileType = sourcecode.swift; path = SpelappenTests.swift; sourceTree = "<group>"; };
		2F19429323D1D24B00809B5F /* Info.plist */ = {isa = PBXFileReference; lastKnownFileType = text.plist.xml; path = Info.plist; sourceTree = "<group>"; };
		2F19429823D1D24B00809B5F /* SpelappenUITests.xctest */ = {isa = PBXFileReference; explicitFileType = wrapper.cfbundle; includeInIndex = 0; path = SpelappenUITests.xctest; sourceTree = BUILT_PRODUCTS_DIR; };
		2F19429C23D1D24B00809B5F /* SpelappenUITests.swift */ = {isa = PBXFileReference; lastKnownFileType = sourcecode.swift; path = SpelappenUITests.swift; sourceTree = "<group>"; };
		2F19429E23D1D24B00809B5F /* Info.plist */ = {isa = PBXFileReference; lastKnownFileType = text.plist.xml; path = Info.plist; sourceTree = "<group>"; };
/* End PBXFileReference section */

/* Begin PBXFrameworksBuildPhase section */
		2F19427423D1D24900809B5F /* Frameworks */ = {
			isa = PBXFrameworksBuildPhase;
			buildActionMask = 2147483647;
			files = (
			);
			runOnlyForDeploymentPostprocessing = 0;
		};
		2F19428A23D1D24B00809B5F /* Frameworks */ = {
			isa = PBXFrameworksBuildPhase;
			buildActionMask = 2147483647;
			files = (
			);
			runOnlyForDeploymentPostprocessing = 0;
		};
		2F19429523D1D24B00809B5F /* Frameworks */ = {
			isa = PBXFrameworksBuildPhase;
			buildActionMask = 2147483647;
			files = (
			);
			runOnlyForDeploymentPostprocessing = 0;
		};
/* End PBXFrameworksBuildPhase section */

/* Begin PBXGroup section */
		2F19426E23D1D24900809B5F = {
			isa = PBXGroup;
			children = (
				2F19427923D1D24900809B5F /* Spelappen */,
				2F19429023D1D24B00809B5F /* SpelappenTests */,
				2F19429B23D1D24B00809B5F /* SpelappenUITests */,
				2F19427823D1D24900809B5F /* Products */,
			);
			sourceTree = "<group>";
		};
		2F19427823D1D24900809B5F /* Products */ = {
			isa = PBXGroup;
			children = (
				2F19427723D1D24900809B5F /* Spelappen.app */,
				2F19428D23D1D24B00809B5F /* SpelappenTests.xctest */,
				2F19429823D1D24B00809B5F /* SpelappenUITests.xctest */,
			);
			name = Products;
			sourceTree = "<group>";
		};
		2F19427923D1D24900809B5F /* Spelappen */ = {
			isa = PBXGroup;
			children = (
				2F19427A23D1D24900809B5F /* AppDelegate.swift */,
				2F19427C23D1D24900809B5F /* SceneDelegate.swift */,
				2F19427E23D1D24900809B5F /* ViewController.swift */,
				2F19428023D1D24900809B5F /* Main.storyboard */,
				2F19428323D1D24B00809B5F /* Assets.xcassets */,
				2F19428523D1D24B00809B5F /* LaunchScreen.storyboard */,
				2F19428823D1D24B00809B5F /* Info.plist */,
			);
			path = Spelappen;
			sourceTree = "<group>";
		};
		2F19429023D1D24B00809B5F /* SpelappenTests */ = {
			isa = PBXGroup;
			children = (
				2F19429123D1D24B00809B5F /* SpelappenTests.swift */,
				2F19429323D1D24B00809B5F /* Info.plist */,
			);
			path = SpelappenTests;
			sourceTree = "<group>";
		};
		2F19429B23D1D24B00809B5F /* SpelappenUITests */ = {
			isa = PBXGroup;
			children = (
				2F19429C23D1D24B00809B5F /* SpelappenUITests.swift */,
				2F19429E23D1D24B00809B5F /* Info.plist */,
			);
			path = SpelappenUITests;
			sourceTree = "<group>";
		};
/* End PBXGroup section */

/* Begin PBXNativeTarget section */
		2F19427623D1D24900809B5F /* Spelappen */ = {
			isa = PBXNativeTarget;
			buildConfigurationList = 2F1942A123D1D24B00809B5F /* Build configuration list for PBXNativeTarget "Spelappen" */;
			buildPhases = (
				2F19427323D1D24900809B5F /* Sources */,
				2F19427423D1D24900809B5F /* Frameworks */,
				2F19427523D1D24900809B5F /* Resources */,
			);
			buildRules = (
			);
			dependencies = (
			);
			name = Spelappen;
			productName = Spelappen;
			productReference = 2F19427723D1D24900809B5F /* Spelappen.app */;
			productType = "com.apple.product-type.application";
		};
		2F19428C23D1D24B00809B5F /* SpelappenTests */ = {
			isa = PBXNativeTarget;
			buildConfigurationList = 2F1942A423D1D24B00809B5F /* Build configuration list for PBXNativeTarget "SpelappenTests" */;
			buildPhases = (
				2F19428923D1D24B00809B5F /* Sources */,
				2F19428A23D1D24B00809B5F /* Frameworks */,
				2F19428B23D1D24B00809B5F /* Resources */,
			);
			buildRules = (
			);
			dependencies = (
				2F19428F23D1D24B00809B5F /* PBXTargetDependency */,
			);
			name = SpelappenTests;
			productName = SpelappenTests;
			productReference = 2F19428D23D1D24B00809B5F /* SpelappenTests.xctest */;
			productType = "com.apple.product-type.bundle.unit-test";
		};
		2F19429723D1D24B00809B5F /* SpelappenUITests */ = {
			isa = PBXNativeTarget;
			buildConfigurationList = 2F1942A723D1D24B00809B5F /* Build configuration list for PBXNativeTarget "SpelappenUITests" */;
			buildPhases = (
				2F19429423D1D24B00809B5F /* Sources */,
				2F19429523D1D24B00809B5F /* Frameworks */,
				2F19429623D1D24B00809B5F /* Resources */,
			);
			buildRules = (
			);
			dependencies = (
				2F19429A23D1D24B00809B5F /* PBXTargetDependency */,
			);
			name = SpelappenUITests;
			productName = SpelappenUITests;
			productReference = 2F19429823D1D24B00809B5F /* SpelappenUITests.xctest */;
			productType = "com.apple.product-type.bundle.ui-testing";
		};
/* End PBXNativeTarget section */

/* Begin PBXProject section */
		2F19426F23D1D24900809B5F /* Project object */ = {
			isa = PBXProject;
			attributes = {
				LastSwiftUpdateCheck = 1130;
				LastUpgradeCheck = 1130;
				ORGANIZATIONNAME = "Thomas Lenell";
				TargetAttributes = {
					2F19427623D1D24900809B5F = {
						CreatedOnToolsVersion = 11.3.1;
					};
					2F19428C23D1D24B00809B5F = {
						CreatedOnToolsVersion = 11.3.1;
						TestTargetID = 2F19427623D1D24900809B5F;
					};
					2F19429723D1D24B00809B5F = {
						CreatedOnToolsVersion = 11.3.1;
						TestTargetID = 2F19427623D1D24900809B5F;
					};
				};
			};
			buildConfigurationList = 2F19427223D1D24900809B5F /* Build configuration list for PBXProject "Spelappen" */;
			compatibilityVersion = "Xcode 9.3";
			developmentRegion = en;
			hasScannedForEncodings = 0;
			knownRegions = (
				en,
				Base,
			);
			mainGroup = 2F19426E23D1D24900809B5F;
			productRefGroup = 2F19427823D1D24900809B5F /* Products */;
			projectDirPath = "";
			projectRoot = "";
			targets = (
				2F19427623D1D24900809B5F /* Spelappen */,
				2F19428C23D1D24B00809B5F /* SpelappenTests */,
				2F19429723D1D24B00809B5F /* SpelappenUITests */,
			);
		};
/* End PBXProject section */

/* Begin PBXResourcesBuildPhase section */
		2F19427523D1D24900809B5F /* Resources */ = {
			isa = PBXResourcesBuildPhase;
			buildActionMask = 2147483647;
			files = (
				2F19428723D1D24B00809B5F /* LaunchScreen.storyboard in Resources */,
				2F19428423D1D24B00809B5F /* Assets.xcassets in Resources */,
				2F19428223D1D24900809B5F /* Main.storyboard in Resources */,
			);
			runOnlyForDeploymentPostprocessing = 0;
		};
		2F19428B23D1D24B00809B5F /* Resources */ = {
			isa = PBXResourcesBuildPhase;
			buildActionMask = 2147483647;
			files = (
			);
			runOnlyForDeploymentPostprocessing = 0;
		};
		2F19429623D1D24B00809B5F /* Resources */ = {
			isa = PBXResourcesBuildPhase;
			buildActionMask = 2147483647;
			files = (
			);
			runOnlyForDeploymentPostprocessing = 0;
		};
/* End PBXResourcesBuildPhase section */

/* Begin PBXSourcesBuildPhase section */
		2F19427323D1D24900809B5F /* Sources */ = {
			isa = PBXSourcesBuildPhase;
			buildActionMask = 2147483647;
			files = (
				2F19427F23D1D24900809B5F /* ViewController.swift in Sources */,
				2F19427B23D1D24900809B5F /* AppDelegate.swift in Sources */,
				2F19427D23D1D24900809B5F /* SceneDelegate.swift in Sources */,
			);
			runOnlyForDeploymentPostprocessing = 0;
		};
		2F19428923D1D24B00809B5F /* Sources */ = {
			isa = PBXSourcesBuildPhase;
			buildActionMask = 2147483647;
			files = (
				2F19429223D1D24B00809B5F /* SpelappenTests.swift in Sources */,
			);
			runOnlyForDeploymentPostprocessing = 0;
		};
		2F19429423D1D24B00809B5F /* Sources */ = {
			isa = PBXSourcesBuildPhase;
			buildActionMask = 2147483647;
			files = (
				2F19429D23D1D24B00809B5F /* SpelappenUITests.swift in Sources */,
			);
			runOnlyForDeploymentPostprocessing = 0;
		};
/* End PBXSourcesBuildPhase section */

/* Begin PBXTargetDependency section */
		2F19428F23D1D24B00809B5F /* PBXTargetDependency */ = {
			isa = PBXTargetDependency;
			target = 2F19427623D1D24900809B5F /* Spelappen */;
			targetProxy = 2F19428E23D1D24B00809B5F /* PBXContainerItemProxy */;
		};
		2F19429A23D1D24B00809B5F /* PBXTargetDependency */ = {
			isa = PBXTargetDependency;
			target = 2F19427623D1D24900809B5F /* Spelappen */;
			targetProxy = 2F19429923D1D24B00809B5F /* PBXContainerItemProxy */;
		};
/* End PBXTargetDependency section */

/* Begin PBXVariantGroup section */
		2F19428023D1D24900809B5F /* Main.storyboard */ = {
			isa = PBXVariantGroup;
			children = (
				2F19428123D1D24900809B5F /* Base */,
			);
			name = Main.storyboard;
			sourceTree = "<group>";
		};
		2F19428523D1D24B00809B5F /* LaunchScreen.storyboard */ = {
			isa = PBXVariantGroup;
			children = (
				2F19428623D1D24B00809B5F /* Base */,
			);
			name = LaunchScreen.storyboard;
			sourceTree = "<group>";
		};
/* End PBXVariantGroup section */

/* Begin XCBuildConfiguration section */
		2F19429F23D1D24B00809B5F /* Debug */ = {
			isa = XCBuildConfiguration;
			buildSettings = {
				ALWAYS_SEARCH_USER_PATHS = NO;
				CLANG_ANALYZER_NONNULL = YES;
				CLANG_ANALYZER_NUMBER_OBJECT_CONVERSION = YES_AGGRESSIVE;
				CLANG_CXX_LANGUAGE_STANDARD = "gnu++14";
				CLANG_CXX_LIBRARY = "libc++";
				CLANG_ENABLE_MODULES = YES;
				CLANG_ENABLE_OBJC_ARC = YES;
				CLANG_ENABLE_OBJC_WEAK = YES;
				CLANG_WARN_BLOCK_CAPTURE_AUTORELEASING = YES;
				CLANG_WARN_BOOL_CONVERSION = YES;
				CLANG_WARN_COMMA = YES;
				CLANG_WARN_CONSTANT_CONVERSION = YES;
				CLANG_WARN_DEPRECATED_OBJC_IMPLEMENTATIONS = YES;
				CLANG_WARN_DIRECT_OBJC_ISA_USAGE = YES_ERROR;
				CLANG_WARN_DOCUMENTATION_COMMENTS = YES;
				CLANG_WARN_EMPTY_BODY = YES;
				CLANG_WARN_ENUM_CONVERSION = YES;
				CLANG_WARN_INFINITE_RECURSION = YES;
				CLANG_WARN_INT_CONVERSION = YES;
				CLANG_WARN_NON_LITERAL_NULL_CONVERSION = YES;
				CLANG_WARN_OBJC_IMPLICIT_RETAIN_SELF = YES;
				CLANG_WARN_OBJC_LITERAL_CONVERSION = YES;
				CLANG_WARN_OBJC_ROOT_CLASS = YES_ERROR;
				CLANG_WARN_RANGE_LOOP_ANALYSIS = YES;
				CLANG_WARN_STRICT_PROTOTYPES = YES;
				CLANG_WARN_SUSPICIOUS_MOVE = YES;
				CLANG_WARN_UNGUARDED_AVAILABILITY = YES_AGGRESSIVE;
				CLANG_WARN_UNREACHABLE_CODE = YES;
				CLANG_WARN__DUPLICATE_METHOD_MATCH = YES;
				COPY_PHASE_STRIP = NO;
				DEBUG_INFORMATION_FORMAT = dwarf;
				ENABLE_STRICT_OBJC_MSGSEND = YES;
				ENABLE_TESTABILITY = YES;
				GCC_C_LANGUAGE_STANDARD = gnu11;
				GCC_DYNAMIC_NO_PIC = NO;
				GCC_NO_COMMON_BLOCKS = YES;
				GCC_OPTIMIZATION_LEVEL = 0;
				GCC_PREPROCESSOR_DEFINITIONS = (
					"DEBUG=1",
					"$(inherited)",
				);
				GCC_WARN_64_TO_32_BIT_CONVERSION = YES;
				GCC_WARN_ABOUT_RETURN_TYPE = YES_ERROR;
				GCC_WARN_UNDECLARED_SELECTOR = YES;
				GCC_WARN_UNINITIALIZED_AUTOS = YES_AGGRESSIVE;
				GCC_WARN_UNUSED_FUNCTION = YES;
				GCC_WARN_UNUSED_VARIABLE = YES;
				IPHONEOS_DEPLOYMENT_TARGET = 13.2;
				MTL_ENABLE_DEBUG_INFO = INCLUDE_SOURCE;
				MTL_FAST_MATH = YES;
				ONLY_ACTIVE_ARCH = YES;
				SDKROOT = iphoneos;
				SWIFT_ACTIVE_COMPILATION_CONDITIONS = DEBUG;
				SWIFT_OPTIMIZATION_LEVEL = "-Onone";
			};
			name = Debug;
		};
		2F1942A023D1D24B00809B5F /* Release */ = {
			isa = XCBuildConfiguration;
			buildSettings = {
				ALWAYS_SEARCH_USER_PATHS = NO;
				CLANG_ANALYZER_NONNULL = YES;
				CLANG_ANALYZER_NUMBER_OBJECT_CONVERSION = YES_AGGRESSIVE;
				CLANG_CXX_LANGUAGE_STANDARD = "gnu++14";
				CLANG_CXX_LIBRARY = "libc++";
				CLANG_ENABLE_MODULES = YES;
				CLANG_ENABLE_OBJC_ARC = YES;
				CLANG_ENABLE_OBJC_WEAK = YES;
				CLANG_WARN_BLOCK_CAPTURE_AUTORELEASING = YES;
				CLANG_WARN_BOOL_CONVERSION = YES;
				CLANG_WARN_COMMA = YES;
				CLANG_WARN_CONSTANT_CONVERSION = YES;
				CLANG_WARN_DEPRECATED_OBJC_IMPLEMENTATIONS = YES;
				CLANG_WARN_DIRECT_OBJC_ISA_USAGE = YES_ERROR;
				CLANG_WARN_DOCUMENTATION_COMMENTS = YES;
				CLANG_WARN_EMPTY_BODY = YES;
				CLANG_WARN_ENUM_CONVERSION = YES;
				CLANG_WARN_INFINITE_RECURSION = YES;
				CLANG_WARN_INT_CONVERSION = YES;
				CLANG_WARN_NON_LITERAL_NULL_CONVERSION = YES;
				CLANG_WARN_OBJC_IMPLICIT_RETAIN_SELF = YES;
				CLANG_WARN_OBJC_LITERAL_CONVERSION = YES;
				CLANG_WARN_OBJC_ROOT_CLASS = YES_ERROR;
				CLANG_WARN_RANGE_LOOP_ANALYSIS = YES;
				CLANG_WARN_STRICT_PROTOTYPES = YES;
				CLANG_WARN_SUSPICIOUS_MOVE = YES;
				CLANG_WARN_UNGUARDED_AVAILABILITY = YES_AGGRESSIVE;
				CLANG_WARN_UNREACHABLE_CODE = YES;
				CLANG_WARN__DUPLICATE_METHOD_MATCH = YES;
				COPY_PHASE_STRIP = NO;
				DEBUG_INFORMATION_FORMAT = "dwarf-with-dsym";
				ENABLE_NS_ASSERTIONS = NO;
				ENABLE_STRICT_OBJC_MSGSEND = YES;
				GCC_C_LANGUAGE_STANDARD = gnu11;
				GCC_NO_COMMON_BLOCKS = YES;
				GCC_WARN_64_TO_32_BIT_CONVERSION = YES;
				GCC_WARN_ABOUT_RETURN_TYPE = YES_ERROR;
				GCC_WARN_UNDECLARED_SELECTOR = YES;
				GCC_WARN_UNINITIALIZED_AUTOS = YES_AGGRESSIVE;
				GCC_WARN_UNUSED_FUNCTION = YES;
				GCC_WARN_UNUSED_VARIABLE = YES;
				IPHONEOS_DEPLOYMENT_TARGET = 13.2;
				MTL_ENABLE_DEBUG_INFO = NO;
				MTL_FAST_MATH = YES;
				SDKROOT = iphoneos;
				SWIFT_COMPILATION_MODE = wholemodule;
				SWIFT_OPTIMIZATION_LEVEL = "-O";
				VALIDATE_PRODUCT = YES;
			};
			name = Release;
		};
		2F1942A223D1D24B00809B5F /* Debug */ = {
			isa = XCBuildConfiguration;
			buildSettings = {
				ASSETCATALOG_COMPILER_APPICON_NAME = AppIcon;
				CODE_SIGN_STYLE = Automatic;
				INFOPLIST_FILE = Spelappen/Info.plist;
				LD_RUNPATH_SEARCH_PATHS = (
					"$(inherited)",
					"@executable_path/Frameworks",
				);
				PRODUCT_BUNDLE_IDENTIFIER = com.example.Spelappen;
				PRODUCT_NAME = "$(TARGET_NAME)";
				SWIFT_VERSION = 5.0;
				TARGETED_DEVICE_FAMILY = "1,2";
			};
			name = Debug;
		};
		2F1942A323D1D24B00809B5F /* Release */ = {
			isa = XCBuildConfiguration;
			buildSettings = {
				ASSETCATALOG_COMPILER_APPICON_NAME = AppIcon;
				CODE_SIGN_STYLE = Automatic;
				INFOPLIST_FILE = Spelappen/Info.plist;
				LD_RUNPATH_SEARCH_PATHS = (
					"$(inherited)",
					"@executable_path/Frameworks",
				);
				PRODUCT_BUNDLE_IDENTIFIER = com.example.Spelappen;
				PRODUCT_NAME = "$(TARGET_NAME)";
				SWIFT_VERSION = 5.0;
				TARGETED_DEVICE_FAMILY = "1,2";
			};
			name = Release;
		};
		2F1942A523D1D24B00809B5F /* Debug */ = {
			isa = XCBuildConfiguration;
			buildSettings = {
				ALWAYS_EMBED_SWIFT_STANDARD_LIBRARIES = YES;
				BUNDLE_LOADER = "$(TEST_HOST)";
				CODE_SIGN_STYLE = Automatic;
				INFOPLIST_FILE = SpelappenTests/Info.plist;
				IPHONEOS_DEPLOYMENT_TARGET = 13.2;
				LD_RUNPATH_SEARCH_PATHS = (
					"$(inherited)",
					"@executable_path/Frameworks",
					"@loader_path/Frameworks",
				);
				PRODUCT_BUNDLE_IDENTIFIER = com.example.SpelappenTests;
				PRODUCT_NAME = "$(TARGET_NAME)";
				SWIFT_VERSION = 5.0;
				TARGETED_DEVICE_FAMILY = "1,2";
				TEST_HOST = "$(BUILT_PRODUCTS_DIR)/Spelappen.app/Spelappen";
			};
			name = Debug;
		};
		2F1942A623D1D24B00809B5F /* Release */ = {
			isa = XCBuildConfiguration;
			buildSettings = {
				ALWAYS_EMBED_SWIFT_STANDARD_LIBRARIES = YES;
				BUNDLE_LOADER = "$(TEST_HOST)";
				CODE_SIGN_STYLE = Automatic;
				INFOPLIST_FILE = SpelappenTests/Info.plist;
				IPHONEOS_DEPLOYMENT_TARGET = 13.2;
				LD_RUNPATH_SEARCH_PATHS = (
					"$(inherited)",
					"@executable_path/Frameworks",
					"@loader_path/Frameworks",
				);
				PRODUCT_BUNDLE_IDENTIFIER = com.example.SpelappenTests;
				PRODUCT_NAME = "$(TARGET_NAME)";
				SWIFT_VERSION = 5.0;
				TARGETED_DEVICE_FAMILY = "1,2";
				TEST_HOST = "$(BUILT_PRODUCTS_DIR)/Spelappen.app/Spelappen";
			};
			name = Release;
		};
		2F1942A823D1D24B00809B5F /* Debug */ = {
			isa = XCBuildConfiguration;
			buildSettings = {
				ALWAYS_EMBED_SWIFT_STANDARD_LIBRARIES = YES;
				CODE_SIGN_STYLE = Automatic;
				INFOPLIST_FILE = SpelappenUITests/Info.plist;
				LD_RUNPATH_SEARCH_PATHS = (
					"$(inherited)",
					"@executable_path/Frameworks",
					"@loader_path/Frameworks",
				);
				PRODUCT_BUNDLE_IDENTIFIER = com.example.SpelappenUITests;
				PRODUCT_NAME = "$(TARGET_NAME)";
				SWIFT_VERSION = 5.0;
				TARGETED_DEVICE_FAMILY = "1,2";
				TEST_TARGET_NAME = Spelappen;
			};
			name = Debug;
		};
		2F1942A923D1D24B00809B5F /* Release */ = {
			isa = XCBuildConfiguration;
			buildSettings = {
				ALWAYS_EMBED_SWIFT_STANDARD_LIBRARIES = YES;
				CODE_SIGN_STYLE = Automatic;
				INFOPLIST_FILE = SpelappenUITests/Info.plist;
				LD_RUNPATH_SEARCH_PATHS = (
					"$(inherited)",
					"@executable_path/Frameworks",
					"@loader_path/Frameworks",
				);
				PRODUCT_BUNDLE_IDENTIFIER = com.example.SpelappenUITests;
				PRODUCT_NAME = "$(TARGET_NAME)";
				SWIFT_VERSION = 5.0;
				TARGETED_DEVICE_FAMILY = "1,2";
				TEST_TARGET_NAME = Spelappen;
			};
			name = Release;
		};
/* End XCBuildConfiguration section */

/* Begin XCConfigurationList section */
		2F19427223D1D24900809B5F /* Build configuration list for PBXProject "Spelappen" */ = {
			isa = XCConfigurationList;
			buildConfigurations = (
				2F19429F23D1D24B00809B5F /* Debug */,
				2F1942A023D1D24B00809B5F /* Release */,
			);
			defaultConfigurationIsVisible = 0;
			defaultConfigurationName = Release;
		};
		2F1942A123D1D24B00809B5F /* Build configuration list for PBXNativeTarget "Spelappen" */ = {
			isa = XCConfigurationList;
			buildConfigurations = (
				2F1942A223D1D24B00809B5F /* Debug */,
				2F1942A323D1D24B00809B5F /* Release */,
			);
			defaultConfigurationIsVisible = 0;
			defaultConfigurationName = Release;
		};
		2F1942A423D1D24B00809B5F /* Build configuration list for PBXNativeTarget "SpelappenTests" */ = {
			isa = XCConfigurationList;
			buildConfigurations = (
				2F1942A523D1D24B00809B5F /* Debug */,
				2F1942A623D1D24B00809B5F /* Release */,
			);
			defaultConfigurationIsVisible = 0;
			defaultConfigurationName = Release;
		};
		2F1942A723D1D24B00809B5F /* Build configuration list for PBXNativeTarget "SpelappenUITests" */ = {
			isa = XCConfigurationList;
			buildConfigurations = (
				2F1942A823D1D24B00809B5F /* Debug */,
				2F1942A923D1D24B00809B5F /* Release */,
			);
			defaultConfigurationIsVisible = 0;
			defaultConfigurationName = Release;
		};
/* End XCConfigurationList section */
	};
	rootObject = 2F19426F23D1D24900809B5F /* Project object */;
}
